
Microsoft Visual Studio Solution File, Format Version 12.00
# Visual Studio Version 16
VisualStudioVersion = 16.0.31105.61
MinimumVisualStudioVersion = 10.0.40219.1
Project("{2150E333-8FDC-42A3-9474-1A3956D46DE8}") = "Common", "Common", "{6BF9006D-0653-4D68-AC28-CD3CB898E16B}"
EndProject
Project("{2150E333-8FDC-42A3-9474-1A3956D46DE8}") = "Models", "Models", "{24585645-FC64-4391-83D8-51F7AD2F4B53}"
EndProject
Project("{2150E333-8FDC-42A3-9474-1A3956D46DE8}") = "Service", "Service", "{B538018A-75C4-48E2-8531-1F65123E13E7}"
EndProject
Project("{2150E333-8FDC-42A3-9474-1A3956D46DE8}") = "WebRoot", "WebRoot", "{24997E32-F9FB-4574-B702-422FB0144361}"
EndProject
Project("{FAE04EC0-301F-11D3-BF4B-00C04F79EFBC}") = "Common.Core", "common.Core\Common.Core.csproj", "{6784EE7E-2084-43E3-A04B-0676FA6DCA3F}"
EndProject
Project("{FAE04EC0-301F-11D3-BF4B-00C04F79EFBC}") = "Common.Interface", "Common.Interface\Common.Interface.csproj", "{357245F7-F522-4883-B7F3-197670EE5F18}"
EndProject
Project("{FAE04EC0-301F-11D3-BF4B-00C04F79EFBC}") = "Common.Tools", "Common.Tools\Common.Tools.csproj", "{695649F0-2A4D-4ECC-B2C0-DD7D4725A5AC}"
EndProject
Project("{FAE04EC0-301F-11D3-BF4B-00C04F79EFBC}") = "Com.Models", "Com.Models\Com.Models.csproj", "{597FDD72-2496-4C7D-AF46-6EDEF231D4C3}"
EndProject
Project("{FAE04EC0-301F-11D3-BF4B-00C04F79EFBC}") = "Com.Service", "com.Service\Com.Service.csproj", "{69D95C4E-BFC6-4643-9C17-7F91D776B82E}"
EndProject
Project("{FAE04EC0-301F-11D3-BF4B-00C04F79EFBC}") = "Com.IService", "com.IService\Com.IService.csproj", "{2C27E74F-A152-459E-B402-A49A47052890}"
EndProject
Project("{FAE04EC0-301F-11D3-BF4B-00C04F79EFBC}") = "Com.WebApi", "Com.WebApi\Com.WebApi.csproj", "{1B35679F-241D-4949-9382-300C0DA20BE9}"
EndProject
Project("{FAE04EC0-301F-11D3-BF4B-00C04F79EFBC}") = "Com.Web", "Com.Web\Com.Web.csproj", "{8FA59FA0-A4F5-46AD-B26E-18B0968C4099}"
EndProject
Global
	GlobalSection(SolutionConfigurationPlatforms) = preSolution
		Debug|Any CPU = Debug|Any CPU
		Release|Any CPU = Release|Any CPU
	EndGlobalSection
	GlobalSection(ProjectConfigurationPlatforms) = postSolution
		{6784EE7E-2084-43E3-A04B-0676FA6DCA3F}.Debug|Any CPU.ActiveCfg = Debug|Any CPU
		{6784EE7E-2084-43E3-A04B-0676FA6DCA3F}.Debug|Any CPU.Build.0 = Debug|Any CPU
		{6784EE7E-2084-43E3-A04B-0676FA6DCA3F}.Release|Any CPU.ActiveCfg = Release|Any CPU
		{6784EE7E-2084-43E3-A04B-0676FA6DCA3F}.Release|Any CPU.Build.0 = Release|Any CPU
		{357245F7-F522-4883-B7F3-197670EE5F18}.Debug|Any CPU.ActiveCfg = Debug|Any CPU
		{357245F7-F522-4883-B7F3-197670EE5F18}.Debug|Any CPU.Build.0 = Debug|Any CPU
		{357245F7-F522-4883-B7F3-197670EE5F18}.Release|Any CPU.ActiveCfg = Release|Any CPU
		{357245F7-F522-4883-B7F3-197670EE5F18}.Release|Any CPU.Build.0 = Release|Any CPU
		{695649F0-2A4D-4ECC-B2C0-DD7D4725A5AC}.Debug|Any CPU.ActiveCfg = Debug|Any CPU
		{695649F0-2A4D-4ECC-B2C0-DD7D4725A5AC}.Debug|Any CPU.Build.0 = Debug|Any CPU
		{695649F0-2A4D-4ECC-B2C0-DD7D4725A5AC}.Release|Any CPU.ActiveCfg = Release|Any CPU
		{695649F0-2A4D-4ECC-B2C0-DD7D4725A5AC}.Release|Any CPU.Build.0 = Release|Any CPU
		{597FDD72-2496-4C7D-AF46-6EDEF231D4C3}.Debug|Any CPU.ActiveCfg = Debug|Any CPU
		{597FDD72-2496-4C7D-AF46-6EDEF231D4C3}.Debug|Any CPU.Build.0 = Debug|Any CPU
		{597FDD72-2496-4C7D-AF46-6EDEF231D4C3}.Release|Any CPU.ActiveCfg = Release|Any CPU
		{597FDD72-2496-4C7D-AF46-6EDEF231D4C3}.Release|Any CPU.Build.0 = Release|Any CPU
		{69D95C4E-BFC6-4643-9C17-7F91D776B82E}.Debug|Any CPU.ActiveCfg = Debug|Any CPU
		{69D95C4E-BFC6-4643-9C17-7F91D776B82E}.Debug|Any CPU.Build.0 = Debug|Any CPU
		{69D95C4E-BFC6-4643-9C17-7F91D776B82E}.Release|Any CPU.ActiveCfg = Release|Any CPU
		{69D95C4E-BFC6-4643-9C17-7F91D776B82E}.Release|Any CPU.Build.0 = Release|Any CPU
		{2C27E74F-A152-459E-B402-A49A47052890}.Debug|Any CPU.ActiveCfg = Debug|Any CPU
		{2C27E74F-A152-459E-B402-A49A47052890}.Debug|Any CPU.Build.0 = Debug|Any CPU
		{2C27E74F-A152-459E-B402-A49A47052890}.Release|Any CPU.ActiveCfg = Release|Any CPU
		{2C27E74F-A152-459E-B402-A49A47052890}.Release|Any CPU.Build.0 = Release|Any CPU
		{1B35679F-241D-4949-9382-300C0DA20BE9}.Debug|Any CPU.ActiveCfg = Debug|Any CPU
		{1B35679F-241D-4949-9382-300C0DA20BE9}.Debug|Any CPU.Build.0 = Debug|Any CPU
		{1B35679F-241D-4949-9382-300C0DA20BE9}.Release|Any CPU.ActiveCfg = Release|Any CPU
		{1B35679F-241D-4949-9382-300C0DA20BE9}.Release|Any CPU.Build.0 = Release|Any CPU
		{8FA59FA0-A4F5-46AD-B26E-18B0968C4099}.Debug|Any CPU.ActiveCfg = Debug|Any CPU
		{8FA59FA0-A4F5-46AD-B26E-18B0968C4099}.Debug|Any CPU.Build.0 = Debug|Any CPU
		{8FA59FA0-A4F5-46AD-B26E-18B0968C4099}.Release|Any CPU.ActiveCfg = Release|Any CPU
		{8FA59FA0-A4F5-46AD-B26E-18B0968C4099}.Release|Any CPU.Build.0 = Release|Any CPU
	EndGlobalSection
	GlobalSection(SolutionProperties) = preSolution
		HideSolutionNode = FALSE
	EndGlobalSection
	GlobalSection(NestedProjects) = preSolution
		{6784EE7E-2084-43E3-A04B-0676FA6DCA3F} = {6BF9006D-0653-4D68-AC28-CD3CB898E16B}
		{357245F7-F522-4883-B7F3-197670EE5F18} = {6BF9006D-0653-4D68-AC28-CD3CB898E16B}
		{695649F0-2A4D-4ECC-B2C0-DD7D4725A5AC} = {6BF9006D-0653-4D68-AC28-CD3CB898E16B}
		{597FDD72-2496-4C7D-AF46-6EDEF231D4C3} = {24585645-FC64-4391-83D8-51F7AD2F4B53}
		{69D95C4E-BFC6-4643-9C17-7F91D776B82E} = {B538018A-75C4-48E2-8531-1F65123E13E7}
		{2C27E74F-A152-459E-B402-A49A47052890} = {B538018A-75C4-48E2-8531-1F65123E13E7}
		{1B35679F-241D-4949-9382-300C0DA20BE9} = {24997E32-F9FB-4574-B702-422FB0144361}
		{8FA59FA0-A4F5-46AD-B26E-18B0968C4099} = {24997E32-F9FB-4574-B702-422FB0144361}
	EndGlobalSection
	GlobalSection(ExtensibilityGlobals) = postSolution
		SolutionGuid = {B62D1C33-C86C-4778-8E47-CC223E4445D8}
	EndGlobalSection
EndGlobal
